lockfileVersion: '9.0'

settings:
  autoInstallPeers: true
  excludeLinksFromLockfile: false

importers:

  .:
    devDependencies:
      '@ampcode/plugin':
        specifier: 0.0.0-20260312001450-g50314c1
        version: 0.0.0-20260312001450-g50314c1
      '@types/node':
        specifier: ^25.4.0
        version: 25.4.0

packages:

  '@ampcode/plugin@0.0.0-20260312001450-g50314c1':
    resolution: {integrity: sha512-9Q8cB7sMaNsBrGp0X+GJ6P2qtfEN9A+iB9f4HBRV+MOJ35GFx7OW4yG3GGDMNK5hWZyESZ2c5kA4vJshWxdBog==}

  '@types/node@25.4.0':
    resolution: {integrity: sha512-9wLpoeWuBlcbBpOY3XmzSTG3oscB6xjBEEtn+pYXTfhyXhIxC5FsBer2KTopBlvKEiW9l13po9fq+SJY/5lkhw==}

  undici-types@7.18.2:
    resolution: {integrity: sha512-AsuCzffGHJybSaRrmr5eHr81mwJU3kjw6M+uprWvCXiNeN9SOGwQ3Jn8jb8m3Z6izVgknn1R0FTCEAP2QrLY/w==}

snapshots:

  '@ampcode/plugin@0.0.0-20260312001450-g50314c1': {}

  '@types/node@25.4.0':
    dependencies:
      undici-types: 7.18.2

  undici-types@7.18.2: {}
